
Microsoft Visual Studio Solution File, Format Version 12.00
# Visual Studio Version 17
VisualStudioVersion = 17.2.32519.379
MinimumVisualStudioVersion = 10.0.40219.1
Project("{9A19103F-16F7-4668-BE54-9A1E7A4F7556}") = "Sistema de Resultados Deportivos", "Sistema de Resultados Deportivos.csproj", "{EE928524-F5DA-437C-A0D5-D8A196C32F11}"
EndProject
Global
	GlobalSection(SolutionConfigurationPlatforms) = preSolution
		Debug|Any CPU = Debug|Any CPU
		Release|Any CPU = Release|Any CPU
	EndGlobalSection
	GlobalSection(ProjectConfigurationPlatforms) = postSolution
		{EE928524-F5DA-437C-A0D5-D8A196C32F11}.Debug|Any CPU.ActiveCfg = Debug|Any CPU
		{EE928524-F5DA-437C-A0D5-D8A196C32F11}.Debug|Any CPU.Build.0 = Debug|Any CPU
		{EE928524-F5DA-437C-A0D5-D8A196C32F11}.Release|Any CPU.ActiveCfg = Release|Any CPU
		{EE928524-F5DA-437C-A0D5-D8A196C32F11}.Release|Any CPU.Build.0 = Release|Any CPU
	EndGlobalSection
	GlobalSection(SolutionProperties) = preSolution
		HideSolutionNode = FALSE
	EndGlobalSection
	GlobalSection(ExtensibilityGlobals) = postSolution
		SolutionGuid = {2FC29E95-745D-4887-A115-6E580929389E}
	EndGlobalSection
EndGlobal
