
Microsoft Visual Studio Solution File, Format Version 12.00
# Visual Studio 15
VisualStudioVersion = 15.0.28307.1972
MinimumVisualStudioVersion = 10.0.40219.1
Project("{FAE04EC0-301F-11D3-BF4B-00C04F79EFBC}") = "WindowsFormsApp1", "WindowsFormsApp1\WindowsFormsApp1.csproj", "{8082C5A8-17C2-4267-A11B-804D475D3721}"
EndProject
Global
	GlobalSection(SolutionConfigurationPlatforms) = preSolution
		Debug|Any CPU = Debug|Any CPU
		Release|Any CPU = Release|Any CPU
	EndGlobalSection
	GlobalSection(ProjectConfigurationPlatforms) = postSolution
		{8082C5A8-17C2-4267-A11B-804D475D3721}.Debug|Any CPU.ActiveCfg = Debug|Any CPU
		{8082C5A8-17C2-4267-A11B-804D475D3721}.Debug|Any CPU.Build.0 = Debug|Any CPU
		{8082C5A8-17C2-4267-A11B-804D475D3721}.Release|Any CPU.ActiveCfg = Release|Any CPU
		{8082C5A8-17C2-4267-A11B-804D475D3721}.Release|Any CPU.Build.0 = Release|Any CPU
	EndGlobalSection
	GlobalSection(SolutionProperties) = preSolution
		HideSolutionNode = FALSE
	EndGlobalSection
	GlobalSection(ExtensibilityGlobals) = postSolution
		SolutionGuid = {A6BA1C7B-421D-4CE7-AB48-D5322340E1D9}
	EndGlobalSection
EndGlobal
